
Microsoft Visual Studio Solution File, Format Version 12.00
# Visual Studio Version 16
VisualStudioVersion = 16.0.30907.101
MinimumVisualStudioVersion = 10.0.40219.1
Project("{FAE04EC0-301F-11D3-BF4B-00C04F79EFBC}") = "Namek.Admin", "Namek.Admin\Namek.Admin.csproj", "{50E2F088-E538-4ADF-9170-F6F8B2CD0597}"
EndProject
Project("{FAE04EC0-301F-11D3-BF4B-00C04F79EFBC}") = "Namek.Core", "Namek.Core\Namek.Core.csproj", "{38567399-6645-4D73-B2B6-A0941C22C069}"
EndProject
Project("{FAE04EC0-301F-11D3-BF4B-00C04F79EFBC}") = "Namek.Entity", "Namek.Entity\Namek.Entity.csproj", "{0AA41CF6-1149-4066-96BE-6BB476D8622C}"
EndProject
Project("{FAE04EC0-301F-11D3-BF4B-00C04F79EFBC}") = "Namek.Interface", "Namek.Interface\Namek.Interface.csproj", "{4AE5C7BA-FFD0-4490-8680-24A321DEEABC}"
EndProject
Project("{FAE04EC0-301F-11D3-BF4B-00C04F79EFBC}") = "Namek.Infrastructure", "Namek.Infrastructure\Namek.Infrastructure.csproj", "{9E2A8CC4-DC91-467F-9FEE-FBEFCFA639F4}"
EndProject
Project("{FAE04EC0-301F-11D3-BF4B-00C04F79EFBC}") = "Namek.Services", "Namek.Services\Namek.Services.csproj", "{55E13528-FE2C-4746-BE4B-545AAA579582}"
EndProject
Project("{2150E333-8FDC-42A3-9474-1A3956D46DE8}") = "Presentation", "Presentation", "{48DD6E8B-B54F-4FF1-9183-E191890F5A4F}"
EndProject
Project("{2150E333-8FDC-42A3-9474-1A3956D46DE8}") = "Libraries", "Libraries", "{58D527E2-5971-4419-B9E1-E9E9FC8912EF}"
EndProject
Project("{2150E333-8FDC-42A3-9474-1A3956D46DE8}") = "Services", "Services", "{475CD0B4-54CE-476F-8014-6E0BD55A5F0E}"
EndProject
Project("{FAE04EC0-301F-11D3-BF4B-00C04F79EFBC}") = "Namek.Library", "Libraries\Namek.Library\Namek.Library.csproj", "{C60BF55B-F393-4DEF-8DFF-954E6BE434FA}"
EndProject
Project("{FAE04EC0-301F-11D3-BF4B-00C04F79EFBC}") = "Namek.Data", "Libraries\Namek.Data\Namek.Data.csproj", "{682BF58A-18EC-4181-9557-21324A4BDE12}"
EndProject
Project("{FAE04EC0-301F-11D3-BF4B-00C04F79EFBC}") = "Namek.LogServices", "Libraries\Namek.LogServices\Namek.LogServices.csproj", "{3DF97360-5E4A-483D-B37A-437449A32D3D}"
EndProject
Project("{FAE04EC0-301F-11D3-BF4B-00C04F79EFBC}") = "Namek.Resources", "Namek.Resources\Namek.Resources.csproj", "{7A90FFBA-8F0C-4709-A208-203611525946}"
EndProject
Project("{FAE04EC0-301F-11D3-BF4B-00C04F79EFBC}") = "Namek.Api", "Namek.Api\Namek.Api.csproj", "{7BB253E4-95D6-45F0-89CB-FA22D312A1D7}"
EndProject
Project("{FAE04EC0-301F-11D3-BF4B-00C04F79EFBC}") = "Namek.Web", "Namek.Web\Namek.Web.csproj", "{2C94A1A5-9F3B-4BF3-A597-87417E994DE1}"
EndProject
Global
	GlobalSection(SolutionConfigurationPlatforms) = preSolution
		Debug|Any CPU = Debug|Any CPU
		Release|Any CPU = Release|Any CPU
		RMS|Any CPU = RMS|Any CPU
	EndGlobalSection
	GlobalSection(ProjectConfigurationPlatforms) = postSolution
		{50E2F088-E538-4ADF-9170-F6F8B2CD0597}.Debug|Any CPU.ActiveCfg = Debug|Any CPU
		{50E2F088-E538-4ADF-9170-F6F8B2CD0597}.Debug|Any CPU.Build.0 = Debug|Any CPU
		{50E2F088-E538-4ADF-9170-F6F8B2CD0597}.Release|Any CPU.ActiveCfg = Release|Any CPU
		{50E2F088-E538-4ADF-9170-F6F8B2CD0597}.Release|Any CPU.Build.0 = Release|Any CPU
		{50E2F088-E538-4ADF-9170-F6F8B2CD0597}.RMS|Any CPU.ActiveCfg = Release|Any CPU
		{50E2F088-E538-4ADF-9170-F6F8B2CD0597}.RMS|Any CPU.Build.0 = Release|Any CPU
		{38567399-6645-4D73-B2B6-A0941C22C069}.Debug|Any CPU.ActiveCfg = Debug|Any CPU
		{38567399-6645-4D73-B2B6-A0941C22C069}.Debug|Any CPU.Build.0 = Debug|Any CPU
		{38567399-6645-4D73-B2B6-A0941C22C069}.Release|Any CPU.ActiveCfg = Release|Any CPU
		{38567399-6645-4D73-B2B6-A0941C22C069}.Release|Any CPU.Build.0 = Release|Any CPU
		{38567399-6645-4D73-B2B6-A0941C22C069}.RMS|Any CPU.ActiveCfg = Release|Any CPU
		{38567399-6645-4D73-B2B6-A0941C22C069}.RMS|Any CPU.Build.0 = Release|Any CPU
		{0AA41CF6-1149-4066-96BE-6BB476D8622C}.Debug|Any CPU.ActiveCfg = Debug|Any CPU
		{0AA41CF6-1149-4066-96BE-6BB476D8622C}.Debug|Any CPU.Build.0 = Debug|Any CPU
		{0AA41CF6-1149-4066-96BE-6BB476D8622C}.Release|Any CPU.ActiveCfg = Release|Any CPU
		{0AA41CF6-1149-4066-96BE-6BB476D8622C}.Release|Any CPU.Build.0 = Release|Any CPU
		{0AA41CF6-1149-4066-96BE-6BB476D8622C}.RMS|Any CPU.ActiveCfg = Release|Any CPU
		{0AA41CF6-1149-4066-96BE-6BB476D8622C}.RMS|Any CPU.Build.0 = Release|Any CPU
		{4AE5C7BA-FFD0-4490-8680-24A321DEEABC}.Debug|Any CPU.ActiveCfg = Debug|Any CPU
		{4AE5C7BA-FFD0-4490-8680-24A321DEEABC}.Debug|Any CPU.Build.0 = Debug|Any CPU
		{4AE5C7BA-FFD0-4490-8680-24A321DEEABC}.Release|Any CPU.ActiveCfg = Release|Any CPU
		{4AE5C7BA-FFD0-4490-8680-24A321DEEABC}.Release|Any CPU.Build.0 = Release|Any CPU
		{4AE5C7BA-FFD0-4490-8680-24A321DEEABC}.RMS|Any CPU.ActiveCfg = Release|Any CPU
		{4AE5C7BA-FFD0-4490-8680-24A321DEEABC}.RMS|Any CPU.Build.0 = Release|Any CPU
		{9E2A8CC4-DC91-467F-9FEE-FBEFCFA639F4}.Debug|Any CPU.ActiveCfg = Debug|Any CPU
		{9E2A8CC4-DC91-467F-9FEE-FBEFCFA639F4}.Debug|Any CPU.Build.0 = Debug|Any CPU
		{9E2A8CC4-DC91-467F-9FEE-FBEFCFA639F4}.Release|Any CPU.ActiveCfg = Release|Any CPU
		{9E2A8CC4-DC91-467F-9FEE-FBEFCFA639F4}.Release|Any CPU.Build.0 = Release|Any CPU
		{9E2A8CC4-DC91-467F-9FEE-FBEFCFA639F4}.RMS|Any CPU.ActiveCfg = Release|Any CPU
		{9E2A8CC4-DC91-467F-9FEE-FBEFCFA639F4}.RMS|Any CPU.Build.0 = Release|Any CPU
		{55E13528-FE2C-4746-BE4B-545AAA579582}.Debug|Any CPU.ActiveCfg = Debug|Any CPU
		{55E13528-FE2C-4746-BE4B-545AAA579582}.Debug|Any CPU.Build.0 = Debug|Any CPU
		{55E13528-FE2C-4746-BE4B-545AAA579582}.Release|Any CPU.ActiveCfg = Release|Any CPU
		{55E13528-FE2C-4746-BE4B-545AAA579582}.Release|Any CPU.Build.0 = Release|Any CPU
		{55E13528-FE2C-4746-BE4B-545AAA579582}.RMS|Any CPU.ActiveCfg = Release|Any CPU
		{55E13528-FE2C-4746-BE4B-545AAA579582}.RMS|Any CPU.Build.0 = Release|Any CPU
		{C60BF55B-F393-4DEF-8DFF-954E6BE434FA}.Debug|Any CPU.ActiveCfg = Debug|Any CPU
		{C60BF55B-F393-4DEF-8DFF-954E6BE434FA}.Debug|Any CPU.Build.0 = Debug|Any CPU
		{C60BF55B-F393-4DEF-8DFF-954E6BE434FA}.Release|Any CPU.ActiveCfg = Release|Any CPU
		{C60BF55B-F393-4DEF-8DFF-954E6BE434FA}.Release|Any CPU.Build.0 = Release|Any CPU
		{C60BF55B-F393-4DEF-8DFF-954E6BE434FA}.RMS|Any CPU.ActiveCfg = Release|Any CPU
		{C60BF55B-F393-4DEF-8DFF-954E6BE434FA}.RMS|Any CPU.Build.0 = Release|Any CPU
		{682BF58A-18EC-4181-9557-21324A4BDE12}.Debug|Any CPU.ActiveCfg = Debug|Any CPU
		{682BF58A-18EC-4181-9557-21324A4BDE12}.Debug|Any CPU.Build.0 = Debug|Any CPU
		{682BF58A-18EC-4181-9557-21324A4BDE12}.Release|Any CPU.ActiveCfg = Release|Any CPU
		{682BF58A-18EC-4181-9557-21324A4BDE12}.Release|Any CPU.Build.0 = Release|Any CPU
		{682BF58A-18EC-4181-9557-21324A4BDE12}.RMS|Any CPU.ActiveCfg = Release|Any CPU
		{682BF58A-18EC-4181-9557-21324A4BDE12}.RMS|Any CPU.Build.0 = Release|Any CPU
		{3DF97360-5E4A-483D-B37A-437449A32D3D}.Debug|Any CPU.ActiveCfg = Debug|Any CPU
		{3DF97360-5E4A-483D-B37A-437449A32D3D}.Debug|Any CPU.Build.0 = Debug|Any CPU
		{3DF97360-5E4A-483D-B37A-437449A32D3D}.Release|Any CPU.ActiveCfg = Release|Any CPU
		{3DF97360-5E4A-483D-B37A-437449A32D3D}.Release|Any CPU.Build.0 = Release|Any CPU
		{3DF97360-5E4A-483D-B37A-437449A32D3D}.RMS|Any CPU.ActiveCfg = Release|Any CPU
		{3DF97360-5E4A-483D-B37A-437449A32D3D}.RMS|Any CPU.Build.0 = Release|Any CPU
		{7A90FFBA-8F0C-4709-A208-203611525946}.Debug|Any CPU.ActiveCfg = Debug|Any CPU
		{7A90FFBA-8F0C-4709-A208-203611525946}.Debug|Any CPU.Build.0 = Debug|Any CPU
		{7A90FFBA-8F0C-4709-A208-203611525946}.Release|Any CPU.ActiveCfg = Release|Any CPU
		{7A90FFBA-8F0C-4709-A208-203611525946}.Release|Any CPU.Build.0 = Release|Any CPU
		{7A90FFBA-8F0C-4709-A208-203611525946}.RMS|Any CPU.ActiveCfg = Release|Any CPU
		{7A90FFBA-8F0C-4709-A208-203611525946}.RMS|Any CPU.Build.0 = Release|Any CPU
		{7BB253E4-95D6-45F0-89CB-FA22D312A1D7}.Debug|Any CPU.ActiveCfg = Debug|Any CPU
		{7BB253E4-95D6-45F0-89CB-FA22D312A1D7}.Debug|Any CPU.Build.0 = Debug|Any CPU
		{7BB253E4-95D6-45F0-89CB-FA22D312A1D7}.Release|Any CPU.ActiveCfg = Release|Any CPU
		{7BB253E4-95D6-45F0-89CB-FA22D312A1D7}.Release|Any CPU.Build.0 = Release|Any CPU
		{7BB253E4-95D6-45F0-89CB-FA22D312A1D7}.RMS|Any CPU.ActiveCfg = Release|Any CPU
		{7BB253E4-95D6-45F0-89CB-FA22D312A1D7}.RMS|Any CPU.Build.0 = Release|Any CPU
		{2C94A1A5-9F3B-4BF3-A597-87417E994DE1}.Debug|Any CPU.ActiveCfg = Debug|Any CPU
		{2C94A1A5-9F3B-4BF3-A597-87417E994DE1}.Debug|Any CPU.Build.0 = Debug|Any CPU
		{2C94A1A5-9F3B-4BF3-A597-87417E994DE1}.Release|Any CPU.ActiveCfg = Release|Any CPU
		{2C94A1A5-9F3B-4BF3-A597-87417E994DE1}.Release|Any CPU.Build.0 = Release|Any CPU
		{2C94A1A5-9F3B-4BF3-A597-87417E994DE1}.RMS|Any CPU.ActiveCfg = RMS|Any CPU
		{2C94A1A5-9F3B-4BF3-A597-87417E994DE1}.RMS|Any CPU.Build.0 = RMS|Any CPU
	EndGlobalSection
	GlobalSection(SolutionProperties) = preSolution
		HideSolutionNode = FALSE
	EndGlobalSection
	GlobalSection(NestedProjects) = preSolution
		{50E2F088-E538-4ADF-9170-F6F8B2CD0597} = {48DD6E8B-B54F-4FF1-9183-E191890F5A4F}
		{38567399-6645-4D73-B2B6-A0941C22C069} = {58D527E2-5971-4419-B9E1-E9E9FC8912EF}
		{0AA41CF6-1149-4066-96BE-6BB476D8622C} = {58D527E2-5971-4419-B9E1-E9E9FC8912EF}
		{4AE5C7BA-FFD0-4490-8680-24A321DEEABC} = {58D527E2-5971-4419-B9E1-E9E9FC8912EF}
		{9E2A8CC4-DC91-467F-9FEE-FBEFCFA639F4} = {58D527E2-5971-4419-B9E1-E9E9FC8912EF}
		{55E13528-FE2C-4746-BE4B-545AAA579582} = {475CD0B4-54CE-476F-8014-6E0BD55A5F0E}
		{C60BF55B-F393-4DEF-8DFF-954E6BE434FA} = {58D527E2-5971-4419-B9E1-E9E9FC8912EF}
		{682BF58A-18EC-4181-9557-21324A4BDE12} = {58D527E2-5971-4419-B9E1-E9E9FC8912EF}
		{3DF97360-5E4A-483D-B37A-437449A32D3D} = {475CD0B4-54CE-476F-8014-6E0BD55A5F0E}
		{7A90FFBA-8F0C-4709-A208-203611525946} = {58D527E2-5971-4419-B9E1-E9E9FC8912EF}
		{7BB253E4-95D6-45F0-89CB-FA22D312A1D7} = {48DD6E8B-B54F-4FF1-9183-E191890F5A4F}
		{2C94A1A5-9F3B-4BF3-A597-87417E994DE1} = {48DD6E8B-B54F-4FF1-9183-E191890F5A4F}
	EndGlobalSection
	GlobalSection(ExtensibilityGlobals) = postSolution
		SolutionGuid = {5EFF3F07-67BE-4CA9-A592-3D516B975047}
	EndGlobalSection
EndGlobal
